
Microsoft Visual Studio Solution File, Format Version 12.00
# Visual Studio Version 16
VisualStudioVersion = 16.0.34301.259
MinimumVisualStudioVersion = 10.0.40219.1
Project("{8BC9CEB8-8B4A-11D0-8D11-00A0C91BC942}") = "VulcanTest", "VulcanTest.vcxproj", "{21E94314-5781-4D9F-8768-EF7943DF745B}"
EndProject
Project("{2150E333-8FDC-42A3-9474-1A3956D46DE8}") = "shaders", "shaders", "{31D51F04-56DE-4AF6-B577-931357DDB51B}"
	ProjectSection(SolutionItems) = preProject
		compile.bat = compile.bat
		simple_shader.frag = simple_shader.frag
		shaders\simple_shader.frag.spv = shaders\simple_shader.frag.spv
		simple_shader.vert = simple_shader.vert
		shaders\simple_shader.vert.spv = shaders\simple_shader.vert.spv
	EndProjectSection
EndProject
Project("{2150E333-8FDC-42A3-9474-1A3956D46DE8}") = "Solution Items", "Solution Items", "{71D1CF38-B729-468E-B63F-92FC98C6BD49}"
EndProject
Global
	GlobalSection(SolutionConfigurationPlatforms) = preSolution
		Debug|x64 = Debug|x64
		Debug|x86 = Debug|x86
		Release|x64 = Release|x64
		Release|x86 = Release|x86
	EndGlobalSection
	GlobalSection(ProjectConfigurationPlatforms) = postSolution
		{21E94314-5781-4D9F-8768-EF7943DF745B}.Debug|x64.ActiveCfg = Debug|x64
		{21E94314-5781-4D9F-8768-EF7943DF745B}.Debug|x64.Build.0 = Debug|x64
		{21E94314-5781-4D9F-8768-EF7943DF745B}.Debug|x86.ActiveCfg = Debug|Win32
		{21E94314-5781-4D9F-8768-EF7943DF745B}.Debug|x86.Build.0 = Debug|Win32
		{21E94314-5781-4D9F-8768-EF7943DF745B}.Release|x64.ActiveCfg = Release|x64
		{21E94314-5781-4D9F-8768-EF7943DF745B}.Release|x64.Build.0 = Release|x64
		{21E94314-5781-4D9F-8768-EF7943DF745B}.Release|x86.ActiveCfg = Release|Win32
		{21E94314-5781-4D9F-8768-EF7943DF745B}.Release|x86.Build.0 = Release|Win32
	EndGlobalSection
	GlobalSection(SolutionProperties) = preSolution
		HideSolutionNode = FALSE
	EndGlobalSection
	GlobalSection(ExtensibilityGlobals) = postSolution
		SolutionGuid = {8BC86327-A004-4049-A9CA-B10D67DA3051}
	EndGlobalSection
EndGlobal
